// !$*UTF8*$!
{
	archiveVersion = 1;
	classes = {
	};
	objectVersion = 77;
	objects = {

/* Begin PBXBuildFile section */
		D50000000000000000000005 /* DrawCanvasUITests.swift in Sources */ = {isa = PBXBuildFile; fileRef = D50000000000000000000006 /* DrawCanvasUITests.swift */; };
		D50000000000000000000003 /* MetalSceneCompilerTests.swift in Sources */ = {isa = PBXBuildFile; fileRef = D50000000000000000000004 /* MetalSceneCompilerTests.swift */; };
		D50000000000000000000001 /* RendererTests.swift in Sources */ = {isa = PBXBuildFile; fileRef = D50000000000000000000002 /* RendererTests.swift */; };
		D40000000000000000000003 /* CanvasPencilPaletteTests.swift in Sources */ = {isa = PBXBuildFile; fileRef = D40000000000000000000004 /* CanvasPencilPaletteTests.swift */; };
		D40000000000000000000001 /* TextAndControlsTests.swift in Sources */ = {isa = PBXBuildFile; fileRef = D40000000000000000000002 /* TextAndControlsTests.swift */; };
		D30000000000000000000001 /* CanvasConfigurationTests.swift in Sources */ = {isa = PBXBuildFile; fileRef = D30000000000000000000002 /* CanvasConfigurationTests.swift */; };
		E10000000000000000000001 = {isa = PBXBuildFile; fileRef = E10000000000000000000002; };
		D20000000000000000000001 /* DimensionEngineTests.swift in Sources */ = {isa = PBXBuildFile; fileRef = D20000000000000000000003 /* DimensionEngineTests.swift */; };
		D20000000000000000000002 /* CanvasDimensionPresenterTests.swift in Sources */ = {isa = PBXBuildFile; fileRef = D20000000000000000000004 /* CanvasDimensionPresenterTests.swift */; };
		D10000000000000000000001 /* CanvasPerformanceTests.swift in Sources */ = {isa = PBXBuildFile; fileRef = D10000000000000000000002 /* CanvasPerformanceTests.swift */; };
		2A181FA36F52814686EF7C33 /* DrawCanvasUI in Frameworks */ = {isa = PBXBuildFile; productRef = E55D0232C7BDA4AAA90BE0FC /* DrawCanvasUI */; };
		5CAACCF5CB102F638E2256F2 /* ContentView.swift in Sources */ = {isa = PBXBuildFile; fileRef = 9248785EEBCCD05A3B7FE210 /* ContentView.swift */; };
		6CA8BF228CA5C4F3CDCC1D2B /* DrawCanvasDemoApp.swift in Sources */ = {isa = PBXBuildFile; fileRef = 331B38D5B48F9E1D4BFB8AA8 /* DrawCanvasDemoApp.swift */; };
		A10000000000000000000001 /* CanvasPerformanceTestSupport.swift in Sources */ = {isa = PBXBuildFile; fileRef = A10000000000000000000007 /* CanvasPerformanceTestSupport.swift */; };
		A10000000000000000000002 /* CanvasPhysicalGateTests.swift in Sources */ = {isa = PBXBuildFile; fileRef = A10000000000000000000008 /* CanvasPhysicalGateTests.swift */; };
		A10000000000000000000004 /* DrawCanvasUI in Frameworks */ = {isa = PBXBuildFile; productRef = A10000000000000000000012 /* DrawCanvasUI */; };
		A20000000000000000000003 /* HostThemeAndStatisticsTests.swift in Sources */ = {isa = PBXBuildFile; fileRef = A20000000000000000000002 /* HostThemeAndStatisticsTests.swift */; };
		C10000000000000000000001 /* HostTheme.swift in Sources */ = {isa = PBXBuildFile; fileRef = C10000000000000000000003 /* HostTheme.swift */; };
		C10000000000000000000002 /* HostStatistics.swift in Sources */ = {isa = PBXBuildFile; fileRef = C10000000000000000000004 /* HostStatistics.swift */; };
		EEFC68E0538FC8787C534B2B /* StressDocument.swift in Sources */ = {isa = PBXBuildFile; fileRef = 4038D9059E3092483AEA6825 /* StressDocument.swift */; };
/* End PBXBuildFile section */

/* Begin PBXContainerItemProxy section */
		A10000000000000000000005 /* PBXContainerItemProxy */ = {
			isa = PBXContainerItemProxy;
			containerPortal = 6294C1226D229B6A3E25341A /* Project object */;
			proxyType = 1;
			remoteGlobalIDString = 7EEDA1B5C545036D2D59EA38;
			remoteInfo = DrawCanvasDemo;
		};
		A2000000000000000000000B /* PBXContainerItemProxy */ = {
			isa = PBXContainerItemProxy;
			containerPortal = 6294C1226D229B6A3E25341A /* Project object */;
			proxyType = 1;
			remoteGlobalIDString = 7EEDA1B5C545036D2D59EA38;
			remoteInfo = DrawCanvasDemo;
		};
/* End PBXContainerItemProxy section */

/* Begin PBXFileReference section */
		D50000000000000000000006 /* DrawCanvasUITests.swift */ = {isa = PBXFileReference; lastKnownFileType = sourcecode.swift; name = DrawCanvasUITests.swift; path = ../DrawCanvasKit/Tests/DrawCanvasUITests/DrawCanvasUITests.swift; sourceTree = SOURCE_ROOT; };
		D50000000000000000000004 /* MetalSceneCompilerTests.swift */ = {isa = PBXFileReference; lastKnownFileType = sourcecode.swift; name = MetalSceneCompilerTests.swift; path = ../DrawCanvasKit/Tests/DrawCanvasUITests/MetalSceneCompilerTests.swift; sourceTree = SOURCE_ROOT; };
		D50000000000000000000002 /* RendererTests.swift */ = {isa = PBXFileReference; lastKnownFileType = sourcecode.swift; name = RendererTests.swift; path = ../DrawCanvasKit/Tests/DrawCanvasUITests/RendererTests.swift; sourceTree = SOURCE_ROOT; };
		D40000000000000000000004 /* CanvasPencilPaletteTests.swift */ = {isa = PBXFileReference; lastKnownFileType = sourcecode.swift; name = CanvasPencilPaletteTests.swift; path = ../DrawCanvasKit/Tests/DrawCanvasUITests/CanvasPencilPaletteTests.swift; sourceTree = SOURCE_ROOT; };
		D40000000000000000000002 /* TextAndControlsTests.swift */ = {isa = PBXFileReference; lastKnownFileType = sourcecode.swift; name = TextAndControlsTests.swift; path = ../DrawCanvasKit/Tests/DrawCanvasUITests/TextAndControlsTests.swift; sourceTree = SOURCE_ROOT; };
		D30000000000000000000002 /* CanvasConfigurationTests.swift */ = {isa = PBXFileReference; lastKnownFileType = sourcecode.swift; name = CanvasConfigurationTests.swift; path = ../DrawCanvasKit/Tests/DrawCanvasUITests/CanvasConfigurationTests.swift; sourceTree = SOURCE_ROOT; };
		E10000000000000000000002 = {isa = PBXFileReference; lastKnownFileType = sourcecode.swift; name = CanvasJSONOptionsTests.swift; path = ../DrawCanvasKit/Tests/DrawCanvasUITests/CanvasJSONOptionsTests.swift; sourceTree = SOURCE_ROOT; };
		D20000000000000000000003 /* DimensionEngineTests.swift */ = {isa = PBXFileReference; lastKnownFileType = sourcecode.swift; name = DimensionEngineTests.swift; path = ../DrawCanvasKit/Tests/DrawCanvasCoreTests/DimensionEngineTests.swift; sourceTree = SOURCE_ROOT; };
		D20000000000000000000004 /* CanvasDimensionPresenterTests.swift */ = {isa = PBXFileReference; lastKnownFileType = sourcecode.swift; name = CanvasDimensionPresenterTests.swift; path = ../DrawCanvasKit/Tests/DrawCanvasUITests/CanvasDimensionPresenterTests.swift; sourceTree = SOURCE_ROOT; };
		D10000000000000000000002 /* CanvasPerformanceTests.swift */ = {isa = PBXFileReference; lastKnownFileType = sourcecode.swift; name = CanvasPerformanceTests.swift; path = ../DrawCanvasKit/Tests/DrawCanvasUITests/CanvasPerformanceTests.swift; sourceTree = SOURCE_ROOT; };
		19FDBFFA7A4297803D943ADB /* DrawCanvasDemo.app */ = {isa = PBXFileReference; explicitFileType = wrapper.application; includeInIndex = 0; path = DrawCanvasDemo.app; sourceTree = BUILT_PRODUCTS_DIR; };
		331B38D5B48F9E1D4BFB8AA8 /* DrawCanvasDemoApp.swift */ = {isa = PBXFileReference; lastKnownFileType = sourcecode.swift; path = DrawCanvasDemoApp.swift; sourceTree = "<group>"; };
		4038D9059E3092483AEA6825 /* StressDocument.swift */ = {isa = PBXFileReference; lastKnownFileType = sourcecode.swift; path = StressDocument.swift; sourceTree = "<group>"; };
		866C25DD7B16DF350A8E2726 /* DrawCanvasKit */ = {isa = PBXFileReference; lastKnownFileType = folder; name = DrawCanvasKit; path = ../DrawCanvasKit; sourceTree = SOURCE_ROOT; };
		9248785EEBCCD05A3B7FE210 /* ContentView.swift */ = {isa = PBXFileReference; lastKnownFileType = sourcecode.swift; path = ContentView.swift; sourceTree = "<group>"; };
		A10000000000000000000006 /* DrawCanvasPhysicalGateTests.xctest */ = {isa = PBXFileReference; explicitFileType = wrapper.cfbundle; includeInIndex = 0; path = DrawCanvasPhysicalGateTests.xctest; sourceTree = BUILT_PRODUCTS_DIR; };
		A10000000000000000000007 /* CanvasPerformanceTestSupport.swift */ = {isa = PBXFileReference; lastKnownFileType = sourcecode.swift; name = CanvasPerformanceTestSupport.swift; path = ../DrawCanvasKit/Tests/DrawCanvasUITests/CanvasPerformanceTestSupport.swift; sourceTree = SOURCE_ROOT; };
		A10000000000000000000008 /* CanvasPhysicalGateTests.swift */ = {isa = PBXFileReference; lastKnownFileType = sourcecode.swift; name = CanvasPhysicalGateTests.swift; path = ../DrawCanvasKit/Tests/DrawCanvasUITests/CanvasPhysicalGateTests.swift; sourceTree = SOURCE_ROOT; };
		A10000000000000000000013 /* Project.xcconfig */ = {isa = PBXFileReference; lastKnownFileType = text.xcconfig; path = Project.xcconfig; sourceTree = "<group>"; };
		A20000000000000000000001 /* DrawCanvasDemoTests.xctest */ = {isa = PBXFileReference; explicitFileType = wrapper.cfbundle; includeInIndex = 0; path = DrawCanvasDemoTests.xctest; sourceTree = BUILT_PRODUCTS_DIR; };
		A20000000000000000000002 /* HostThemeAndStatisticsTests.swift */ = {isa = PBXFileReference; lastKnownFileType = sourcecode.swift; path = HostThemeAndStatisticsTests.swift; sourceTree = "<group>"; };
		C10000000000000000000003 /* HostTheme.swift */ = {isa = PBXFileReference; lastKnownFileType = sourcecode.swift; path = HostTheme.swift; sourceTree = "<group>"; };
		C10000000000000000000004 /* HostStatistics.swift */ = {isa = PBXFileReference; lastKnownFileType = sourcecode.swift; path = HostStatistics.swift; sourceTree = "<group>"; };
/* End PBXFileReference section */

/* Begin PBXFrameworksBuildPhase section */
		A10000000000000000000009 /* Frameworks */ = {
			isa = PBXFrameworksBuildPhase;
			buildActionMask = 2147483647;
			files = (
				A10000000000000000000004 /* DrawCanvasUI in Frameworks */,
			);
			runOnlyForDeploymentPostprocessing = 0;
		};
		A20000000000000000000005 /* Frameworks */ = {
			isa = PBXFrameworksBuildPhase;
			buildActionMask = 2147483647;
			files = (
			);
			runOnlyForDeploymentPostprocessing = 0;
		};
		B3B1EF1760518C80512C7866 /* Frameworks */ = {
			isa = PBXFrameworksBuildPhase;
			buildActionMask = 2147483647;
			files = (
				2A181FA36F52814686EF7C33 /* DrawCanvasUI in Frameworks */,
			);
			runOnlyForDeploymentPostprocessing = 0;
		};
/* End PBXFrameworksBuildPhase section */

/* Begin PBXGroup section */
		5BC8384B1E649331BD5D59B3 /* Sources */ = {
			isa = PBXGroup;
			children = (
				9248785EEBCCD05A3B7FE210 /* ContentView.swift */,
				331B38D5B48F9E1D4BFB8AA8 /* DrawCanvasDemoApp.swift */,
				4038D9059E3092483AEA6825 /* StressDocument.swift */,
				C10000000000000000000003 /* HostTheme.swift */,
				C10000000000000000000004 /* HostStatistics.swift */,
			);
			path = Sources;
			sourceTree = "<group>";
		};
		62369FB39AB0DA4166801671 /* Packages */ = {
			isa = PBXGroup;
			children = (
				866C25DD7B16DF350A8E2726 /* DrawCanvasKit */,
			);
			name = Packages;
			sourceTree = "<group>";
		};
		6AAC7491BD8EC40F74293039 = {
			isa = PBXGroup;
			children = (
				A10000000000000000000014 /* Config */,
				A1000000000000000000000A /* Physical Gate Tests */,
				62369FB39AB0DA4166801671 /* Packages */,
				5BC8384B1E649331BD5D59B3 /* Sources */,
				A2000000000000000000000D /* Tests */,
				7D1CA1FD82FD229B1A6A8395 /* Products */,
			);
			sourceTree = "<group>";
		};
		7D1CA1FD82FD229B1A6A8395 /* Products */ = {
			isa = PBXGroup;
			children = (
				19FDBFFA7A4297803D943ADB /* DrawCanvasDemo.app */,
				A20000000000000000000001 /* DrawCanvasDemoTests.xctest */,
				A10000000000000000000006 /* DrawCanvasPhysicalGateTests.xctest */,
			);
			name = Products;
			sourceTree = "<group>";
		};
		A1000000000000000000000A /* Physical Gate Tests */ = {
			isa = PBXGroup;
			children = (
				A10000000000000000000007 /* CanvasPerformanceTestSupport.swift */,
				A10000000000000000000008 /* CanvasPhysicalGateTests.swift */,
				D10000000000000000000002 /* CanvasPerformanceTests.swift */,
				D20000000000000000000003 /* DimensionEngineTests.swift */,
				D20000000000000000000004 /* CanvasDimensionPresenterTests.swift */,
				D40000000000000000000002 /* TextAndControlsTests.swift */,
				D40000000000000000000004 /* CanvasPencilPaletteTests.swift */,
				D50000000000000000000002 /* RendererTests.swift */,
				D50000000000000000000004 /* MetalSceneCompilerTests.swift */,
				D50000000000000000000006 /* DrawCanvasUITests.swift */,
				D30000000000000000000002 /* CanvasConfigurationTests.swift */,
				E10000000000000000000002,
			);
			name = "Physical Gate Tests";
			sourceTree = "<group>";
		};
		A10000000000000000000014 /* Config */ = {
			isa = PBXGroup;
			children = (
				A10000000000000000000013 /* Project.xcconfig */,
			);
			path = Config;
			sourceTree = "<group>";
		};
		A2000000000000000000000D /* Tests */ = {
			isa = PBXGroup;
			children = (
				A20000000000000000000002 /* HostThemeAndStatisticsTests.swift */,
			);
			path = Tests;
			sourceTree = "<group>";
		};
/* End PBXGroup section */

/* Begin PBXNativeTarget section */
		7EEDA1B5C545036D2D59EA38 /* DrawCanvasDemo */ = {
			isa = PBXNativeTarget;
			buildConfigurationList = 4682917B57E302EB6B9F01F2 /* Build configuration list for PBXNativeTarget "DrawCanvasDemo" */;
			buildPhases = (
				AD018D7C9E59D39A29CAF0C9 /* Sources */,
				B3B1EF1760518C80512C7866 /* Frameworks */,
			);
			buildRules = (
			);
			dependencies = (
			);
			name = DrawCanvasDemo;
			packageProductDependencies = (
				E55D0232C7BDA4AAA90BE0FC /* DrawCanvasUI */,
			);
			productName = DrawCanvasDemo;
			productReference = 19FDBFFA7A4297803D943ADB /* DrawCanvasDemo.app */;
			productType = "com.apple.product-type.application";
		};
		A1000000000000000000000B /* DrawCanvasPhysicalGateTests */ = {
			isa = PBXNativeTarget;
			buildConfigurationList = A10000000000000000000010 /* Build configuration list for PBXNativeTarget "DrawCanvasPhysicalGateTests" */;
			buildPhases = (
				A1000000000000000000000D /* Sources */,
				A10000000000000000000009 /* Frameworks */,
			);
			buildRules = (
			);
			dependencies = (
				A1000000000000000000000C /* PBXTargetDependency */,
			);
			name = DrawCanvasPhysicalGateTests;
			packageProductDependencies = (
				A10000000000000000000012 /* DrawCanvasUI */,
			);
			productName = DrawCanvasPhysicalGateTests;
			productReference = A10000000000000000000006 /* DrawCanvasPhysicalGateTests.xctest */;
			productType = "com.apple.product-type.bundle.unit-test";
		};
		A20000000000000000000006 /* DrawCanvasDemoTests */ = {
			isa = PBXNativeTarget;
			buildConfigurationList = A20000000000000000000009 /* Build configuration list for PBXNativeTarget "DrawCanvasDemoTests" */;
			buildPhases = (
				A20000000000000000000004 /* Sources */,
				A20000000000000000000005 /* Frameworks */,
			);
			buildRules = (
			);
			dependencies = (
				A2000000000000000000000A /* PBXTargetDependency */,
			);
			name = DrawCanvasDemoTests;
			productName = DrawCanvasDemoTests;
			productReference = A20000000000000000000001 /* DrawCanvasDemoTests.xctest */;
			productType = "com.apple.product-type.bundle.unit-test";
		};
/* End PBXNativeTarget section */

/* Begin PBXProject section */
		6294C1226D229B6A3E25341A /* Project object */ = {
			isa = PBXProject;
			attributes = {
				BuildIndependentTargetsInParallel = YES;
				LastUpgradeCheck = 1430;
				TargetAttributes = {
					7EEDA1B5C545036D2D59EA38 = {
						ProvisioningStyle = Automatic;
					};
					A1000000000000000000000B = {
						ProvisioningStyle = Automatic;
					};
					A20000000000000000000006 = {
						ProvisioningStyle = Automatic;
						TestTargetID = 7EEDA1B5C545036D2D59EA38;
					};
				};
			};
			buildConfigurationList = 7FCA6E3B05293FFA42801E2F /* Build configuration list for PBXProject "DrawCanvasDemo" */;
			developmentRegion = en;
			hasScannedForEncodings = 0;
			knownRegions = (
				Base,
				en,
			);
			mainGroup = 6AAC7491BD8EC40F74293039;
			minimizedProjectReferenceProxies = 1;
			packageReferences = (
				70E2F9E6F64E18C79764CD52 /* XCLocalSwiftPackageReference "../DrawCanvasKit" */,
			);
			preferredProjectObjectVersion = 77;
			productRefGroup = 7D1CA1FD82FD229B1A6A8395 /* Products */;
			projectDirPath = "";
			projectRoot = "";
			targets = (
				7EEDA1B5C545036D2D59EA38 /* DrawCanvasDemo */,
				A20000000000000000000006 /* DrawCanvasDemoTests */,
				A1000000000000000000000B /* DrawCanvasPhysicalGateTests */,
			);
		};
/* End PBXProject section */

/* Begin PBXSourcesBuildPhase section */
		A1000000000000000000000D /* Sources */ = {
			isa = PBXSourcesBuildPhase;
			buildActionMask = 2147483647;
			files = (
				A10000000000000000000001 /* CanvasPerformanceTestSupport.swift in Sources */,
				A10000000000000000000002 /* CanvasPhysicalGateTests.swift in Sources */,
				D10000000000000000000001 /* CanvasPerformanceTests.swift in Sources */,
				D20000000000000000000001 /* DimensionEngineTests.swift in Sources */,
				D20000000000000000000002 /* CanvasDimensionPresenterTests.swift in Sources */,
				D40000000000000000000001 /* TextAndControlsTests.swift in Sources */,
				D40000000000000000000003 /* CanvasPencilPaletteTests.swift in Sources */,
				D50000000000000000000001 /* RendererTests.swift in Sources */,
				D50000000000000000000003 /* MetalSceneCompilerTests.swift in Sources */,
				D50000000000000000000005 /* DrawCanvasUITests.swift in Sources */,
				D30000000000000000000001 /* CanvasConfigurationTests.swift in Sources */,
				E10000000000000000000001,
			);
			runOnlyForDeploymentPostprocessing = 0;
		};
		A20000000000000000000004 /* Sources */ = {
			isa = PBXSourcesBuildPhase;
			buildActionMask = 2147483647;
			files = (
				A20000000000000000000003 /* HostThemeAndStatisticsTests.swift in Sources */,
			);
			runOnlyForDeploymentPostprocessing = 0;
		};
		AD018D7C9E59D39A29CAF0C9 /* Sources */ = {
			isa = PBXSourcesBuildPhase;
			buildActionMask = 2147483647;
			files = (
				5CAACCF5CB102F638E2256F2 /* ContentView.swift in Sources */,
				6CA8BF228CA5C4F3CDCC1D2B /* DrawCanvasDemoApp.swift in Sources */,
				EEFC68E0538FC8787C534B2B /* StressDocument.swift in Sources */,
				C10000000000000000000001 /* HostTheme.swift in Sources */,
				C10000000000000000000002 /* HostStatistics.swift in Sources */,
			);
			runOnlyForDeploymentPostprocessing = 0;
		};
/* End PBXSourcesBuildPhase section */

/* Begin PBXTargetDependency section */
		A1000000000000000000000C /* PBXTargetDependency */ = {
			isa = PBXTargetDependency;
			target = 7EEDA1B5C545036D2D59EA38 /* DrawCanvasDemo */;
			targetProxy = A10000000000000000000005 /* PBXContainerItemProxy */;
		};
		A2000000000000000000000A /* PBXTargetDependency */ = {
			isa = PBXTargetDependency;
			target = 7EEDA1B5C545036D2D59EA38 /* DrawCanvasDemo */;
			targetProxy = A2000000000000000000000B /* PBXContainerItemProxy */;
		};
/* End PBXTargetDependency section */

/* Begin XCBuildConfiguration section */
		36978085C5C7FD28F9AC016D /* Release */ = {
			isa = XCBuildConfiguration;
			baseConfigurationReference = A10000000000000000000013 /* Project.xcconfig */;
			buildSettings = {
				ALWAYS_SEARCH_USER_PATHS = NO;
				CLANG_ANALYZER_NONNULL = YES;
				CLANG_ANALYZER_NUMBER_OBJECT_CONVERSION = YES_AGGRESSIVE;
				CLANG_CXX_LANGUAGE_STANDARD = "gnu++14";
				CLANG_CXX_LIBRARY = "libc++";
				CLANG_ENABLE_MODULES = YES;
				CLANG_ENABLE_OBJC_ARC = YES;
				CLANG_ENABLE_OBJC_WEAK = YES;
				CLANG_WARN_BLOCK_CAPTURE_AUTORELEASING = YES;
				CLANG_WARN_BOOL_CONVERSION = YES;
				CLANG_WARN_COMMA = YES;
				CLANG_WARN_CONSTANT_CONVERSION = YES;
				CLANG_WARN_DEPRECATED_OBJC_IMPLEMENTATIONS = YES;
				CLANG_WARN_DIRECT_OBJC_ISA_USAGE = YES_ERROR;
				CLANG_WARN_DOCUMENTATION_COMMENTS = YES;
				CLANG_WARN_EMPTY_BODY = YES;
				CLANG_WARN_ENUM_CONVERSION = YES;
				CLANG_WARN_INFINITE_RECURSION = YES;
				CLANG_WARN_INT_CONVERSION = YES;
				CLANG_WARN_NON_LITERAL_NULL_CONVERSION = YES;
				CLANG_WARN_OBJC_IMPLICIT_RETAIN_SELF = YES;
				CLANG_WARN_OBJC_LITERAL_CONVERSION = YES;
				CLANG_WARN_OBJC_ROOT_CLASS = YES_ERROR;
				CLANG_WARN_QUOTED_INCLUDE_IN_FRAMEWORK_HEADER = YES;
				CLANG_WARN_RANGE_LOOP_ANALYSIS = YES;
				CLANG_WARN_STRICT_PROTOTYPES = YES;
				CLANG_WARN_SUSPICIOUS_MOVE = YES;
				CLANG_WARN_UNGUARDED_AVAILABILITY = YES_AGGRESSIVE;
				CLANG_WARN_UNREACHABLE_CODE = YES;
				CLANG_WARN__DUPLICATE_METHOD_MATCH = YES;
				COPY_PHASE_STRIP = NO;
				DEBUG_INFORMATION_FORMAT = "dwarf-with-dsym";
				ENABLE_NS_ASSERTIONS = NO;
				ENABLE_STRICT_OBJC_MSGSEND = YES;
				GCC_C_LANGUAGE_STANDARD = gnu11;
				GCC_NO_COMMON_BLOCKS = YES;
				GCC_WARN_64_TO_32_BIT_CONVERSION = YES;
				GCC_WARN_ABOUT_RETURN_TYPE = YES_ERROR;
				GCC_WARN_UNDECLARED_SELECTOR = YES;
				GCC_WARN_UNINITIALIZED_AUTOS = YES_AGGRESSIVE;
				GCC_WARN_UNUSED_FUNCTION = YES;
				GCC_WARN_UNUSED_VARIABLE = YES;
				IPHONEOS_DEPLOYMENT_TARGET = 26.0;
				MTL_ENABLE_DEBUG_INFO = NO;
				MTL_FAST_MATH = YES;
				PRODUCT_NAME = "$(TARGET_NAME)";
				SDKROOT = iphoneos;
				SWIFT_COMPILATION_MODE = wholemodule;
				SWIFT_OPTIMIZATION_LEVEL = "-O";
				SWIFT_VERSION = 5.0;
			};
			name = Release;
		};
		5424C1671EE678957E59A416 /* Debug */ = {
			isa = XCBuildConfiguration;
			baseConfigurationReference = A10000000000000000000013 /* Project.xcconfig */;
			buildSettings = {
				ALWAYS_SEARCH_USER_PATHS = NO;
				CLANG_ANALYZER_NONNULL = YES;
				CLANG_ANALYZER_NUMBER_OBJECT_CONVERSION = YES_AGGRESSIVE;
				CLANG_CXX_LANGUAGE_STANDARD = "gnu++14";
				CLANG_CXX_LIBRARY = "libc++";
				CLANG_ENABLE_MODULES = YES;
				CLANG_ENABLE_OBJC_ARC = YES;
				CLANG_ENABLE_OBJC_WEAK = YES;
				CLANG_WARN_BLOCK_CAPTURE_AUTORELEASING = YES;
				CLANG_WARN_BOOL_CONVERSION = YES;
				CLANG_WARN_COMMA = YES;
				CLANG_WARN_CONSTANT_CONVERSION = YES;
				CLANG_WARN_DEPRECATED_OBJC_IMPLEMENTATIONS = YES;
				CLANG_WARN_DIRECT_OBJC_ISA_USAGE = YES_ERROR;
				CLANG_WARN_DOCUMENTATION_COMMENTS = YES;
				CLANG_WARN_EMPTY_BODY = YES;
				CLANG_WARN_ENUM_CONVERSION = YES;
				CLANG_WARN_INFINITE_RECURSION = YES;
				CLANG_WARN_INT_CONVERSION = YES;
				CLANG_WARN_NON_LITERAL_NULL_CONVERSION = YES;
				CLANG_WARN_OBJC_IMPLICIT_RETAIN_SELF = YES;
				CLANG_WARN_OBJC_LITERAL_CONVERSION = YES;
				CLANG_WARN_OBJC_ROOT_CLASS = YES_ERROR;
				CLANG_WARN_QUOTED_INCLUDE_IN_FRAMEWORK_HEADER = YES;
				CLANG_WARN_RANGE_LOOP_ANALYSIS = YES;
				CLANG_WARN_STRICT_PROTOTYPES = YES;
				CLANG_WARN_SUSPICIOUS_MOVE = YES;
				CLANG_WARN_UNGUARDED_AVAILABILITY = YES_AGGRESSIVE;
				CLANG_WARN_UNREACHABLE_CODE = YES;
				CLANG_WARN__DUPLICATE_METHOD_MATCH = YES;
				COPY_PHASE_STRIP = NO;
				DEBUG_INFORMATION_FORMAT = dwarf;
				ENABLE_STRICT_OBJC_MSGSEND = YES;
				ENABLE_TESTABILITY = YES;
				GCC_C_LANGUAGE_STANDARD = gnu11;
				GCC_DYNAMIC_NO_PIC = NO;
				GCC_NO_COMMON_BLOCKS = YES;
				GCC_OPTIMIZATION_LEVEL = 0;
				GCC_PREPROCESSOR_DEFINITIONS = (
					"$(inherited)",
					"DEBUG=1",
				);
				GCC_WARN_64_TO_32_BIT_CONVERSION = YES;
				GCC_WARN_ABOUT_RETURN_TYPE = YES_ERROR;
				GCC_WARN_UNDECLARED_SELECTOR = YES;
				GCC_WARN_UNINITIALIZED_AUTOS = YES_AGGRESSIVE;
				GCC_WARN_UNUSED_FUNCTION = YES;
				GCC_WARN_UNUSED_VARIABLE = YES;
				IPHONEOS_DEPLOYMENT_TARGET = 26.0;
				MTL_ENABLE_DEBUG_INFO = INCLUDE_SOURCE;
				MTL_FAST_MATH = YES;
				ONLY_ACTIVE_ARCH = YES;
				PRODUCT_NAME = "$(TARGET_NAME)";
				SDKROOT = iphoneos;
				SWIFT_ACTIVE_COMPILATION_CONDITIONS = DEBUG;
				SWIFT_OPTIMIZATION_LEVEL = "-Onone";
				SWIFT_VERSION = 5.0;
			};
			name = Debug;
		};
		9036D68350229BDCFD9CFB16 /* Debug */ = {
			isa = XCBuildConfiguration;
			buildSettings = {
				ASSETCATALOG_COMPILER_APPICON_NAME = AppIcon;
				CODE_SIGN_STYLE = Automatic;
				GENERATE_INFOPLIST_FILE = NO;
				INFOPLIST_FILE = Resources/Info.plist;
				LD_RUNPATH_SEARCH_PATHS = (
					"$(inherited)",
					"@executable_path/Frameworks",
				);
				PRODUCT_BUNDLE_IDENTIFIER = com.optimogroup.DrawCanvasDemo;
				SDKROOT = iphoneos;
				SWIFT_STRICT_CONCURRENCY = complete;
				SWIFT_VERSION = 6.0;
				TARGETED_DEVICE_FAMILY = 2;
			};
			name = Debug;
		};
		A1000000000000000000000E /* Debug */ = {
			isa = XCBuildConfiguration;
			buildSettings = {
				BUNDLE_LOADER = "$(TEST_HOST)";
				CODE_SIGN_STYLE = Automatic;
				GENERATE_INFOPLIST_FILE = YES;
				IPHONEOS_DEPLOYMENT_TARGET = 26.0;
				LD_RUNPATH_SEARCH_PATHS = (
					"$(inherited)",
					"@executable_path/Frameworks",
					"@loader_path/Frameworks",
				);
				PRODUCT_BUNDLE_IDENTIFIER = com.optimogroup.DrawCanvasPhysicalGateTests;
				PRODUCT_NAME = "$(TARGET_NAME)";
				SDKROOT = iphoneos;
				SWIFT_OPTIMIZATION_LEVEL = "-Onone";
				SWIFT_STRICT_CONCURRENCY = complete;
				SWIFT_VERSION = 6.0;
				TARGETED_DEVICE_FAMILY = 2;
				TEST_HOST = "$(BUILT_PRODUCTS_DIR)/DrawCanvasDemo.app/$(BUNDLE_EXECUTABLE_FOLDER_PATH)/DrawCanvasDemo";
			};
			name = Debug;
		};
		A1000000000000000000000F /* Release */ = {
			isa = XCBuildConfiguration;
			buildSettings = {
				BUNDLE_LOADER = "$(TEST_HOST)";
				CODE_SIGN_STYLE = Automatic;
				GENERATE_INFOPLIST_FILE = YES;
				IPHONEOS_DEPLOYMENT_TARGET = 26.0;
				LD_RUNPATH_SEARCH_PATHS = (
					"$(inherited)",
					"@executable_path/Frameworks",
					"@loader_path/Frameworks",
				);
				PRODUCT_BUNDLE_IDENTIFIER = com.optimogroup.DrawCanvasPhysicalGateTests;
				PRODUCT_NAME = "$(TARGET_NAME)";
				SDKROOT = iphoneos;
				SWIFT_STRICT_CONCURRENCY = complete;
				SWIFT_VERSION = 6.0;
				TARGETED_DEVICE_FAMILY = 2;
				TEST_HOST = "$(BUILT_PRODUCTS_DIR)/DrawCanvasDemo.app/$(BUNDLE_EXECUTABLE_FOLDER_PATH)/DrawCanvasDemo";
			};
			name = Release;
		};
		A20000000000000000000007 /* Debug */ = {
			isa = XCBuildConfiguration;
			buildSettings = {
				BUNDLE_LOADER = "$(TEST_HOST)";
				CODE_SIGN_STYLE = Automatic;
				GENERATE_INFOPLIST_FILE = YES;
				IPHONEOS_DEPLOYMENT_TARGET = 26.0;
				PRODUCT_BUNDLE_IDENTIFIER = com.optimogroup.DrawCanvasDemoTests;
				PRODUCT_NAME = "$(TARGET_NAME)";
				SDKROOT = iphoneos;
				SWIFT_STRICT_CONCURRENCY = complete;
				SWIFT_VERSION = 6.0;
				TARGETED_DEVICE_FAMILY = 2;
				TEST_HOST = "$(BUILT_PRODUCTS_DIR)/DrawCanvasDemo.app/DrawCanvasDemo";
			};
			name = Debug;
		};
		A20000000000000000000008 /* Release */ = {
			isa = XCBuildConfiguration;
			buildSettings = {
				BUNDLE_LOADER = "$(TEST_HOST)";
				CODE_SIGN_STYLE = Automatic;
				GENERATE_INFOPLIST_FILE = YES;
				IPHONEOS_DEPLOYMENT_TARGET = 26.0;
				PRODUCT_BUNDLE_IDENTIFIER = com.optimogroup.DrawCanvasDemoTests;
				PRODUCT_NAME = "$(TARGET_NAME)";
				SDKROOT = iphoneos;
				SWIFT_STRICT_CONCURRENCY = complete;
				SWIFT_VERSION = 6.0;
				TARGETED_DEVICE_FAMILY = 2;
				TEST_HOST = "$(BUILT_PRODUCTS_DIR)/DrawCanvasDemo.app/DrawCanvasDemo";
			};
			name = Release;
		};
		FAA8F49F8F4DF731E65006EF /* Release */ = {
			isa = XCBuildConfiguration;
			buildSettings = {
				ASSETCATALOG_COMPILER_APPICON_NAME = AppIcon;
				CODE_SIGN_STYLE = Automatic;
				GENERATE_INFOPLIST_FILE = NO;
				INFOPLIST_FILE = Resources/Info.plist;
				LD_RUNPATH_SEARCH_PATHS = (
					"$(inherited)",
					"@executable_path/Frameworks",
				);
				PRODUCT_BUNDLE_IDENTIFIER = com.optimogroup.DrawCanvasDemo;
				SDKROOT = iphoneos;
				SWIFT_STRICT_CONCURRENCY = complete;
				SWIFT_VERSION = 6.0;
				TARGETED_DEVICE_FAMILY = 2;
			};
			name = Release;
		};
/* End XCBuildConfiguration section */

/* Begin XCConfigurationList section */
		4682917B57E302EB6B9F01F2 /* Build configuration list for PBXNativeTarget "DrawCanvasDemo" */ = {
			isa = XCConfigurationList;
			buildConfigurations = (
				9036D68350229BDCFD9CFB16 /* Debug */,
				FAA8F49F8F4DF731E65006EF /* Release */,
			);
			defaultConfigurationIsVisible = 0;
			defaultConfigurationName = Debug;
		};
		7FCA6E3B05293FFA42801E2F /* Build configuration list for PBXProject "DrawCanvasDemo" */ = {
			isa = XCConfigurationList;
			buildConfigurations = (
				5424C1671EE678957E59A416 /* Debug */,
				36978085C5C7FD28F9AC016D /* Release */,
			);
			defaultConfigurationIsVisible = 0;
			defaultConfigurationName = Debug;
		};
		A10000000000000000000010 /* Build configuration list for PBXNativeTarget "DrawCanvasPhysicalGateTests" */ = {
			isa = XCConfigurationList;
			buildConfigurations = (
				A1000000000000000000000E /* Debug */,
				A1000000000000000000000F /* Release */,
			);
			defaultConfigurationIsVisible = 0;
			defaultConfigurationName = Debug;
		};
		A20000000000000000000009 /* Build configuration list for PBXNativeTarget "DrawCanvasDemoTests" */ = {
			isa = XCConfigurationList;
			buildConfigurations = (
				A20000000000000000000007 /* Debug */,
				A20000000000000000000008 /* Release */,
			);
			defaultConfigurationIsVisible = 0;
			defaultConfigurationName = Debug;
		};
/* End XCConfigurationList section */

/* Begin XCLocalSwiftPackageReference section */
		70E2F9E6F64E18C79764CD52 /* XCLocalSwiftPackageReference "../DrawCanvasKit" */ = {
			isa = XCLocalSwiftPackageReference;
			relativePath = ../DrawCanvasKit;
		};
/* End XCLocalSwiftPackageReference section */

/* Begin XCSwiftPackageProductDependency section */
		A10000000000000000000012 /* DrawCanvasUI */ = {
			isa = XCSwiftPackageProductDependency;
			productName = DrawCanvasUI;
		};
		E55D0232C7BDA4AAA90BE0FC /* DrawCanvasUI */ = {
			isa = XCSwiftPackageProductDependency;
			productName = DrawCanvasUI;
		};
/* End XCSwiftPackageProductDependency section */
	};
	rootObject = 6294C1226D229B6A3E25341A /* Project object */;
}
